
Microsoft Visual Studio Solution File, Format Version 11.00
# Visual Studio 2010
Project("{FAE04EC0-301F-11D3-BF4B-00C04F79EFBC}") = "LinearAudioPlayer", "LinearAudioPlayer\LinearAudioPlayer.csproj", "{E276D428-CA93-4F4D-AD5C-31BEA709BC14}"
EndProject
Project("{FAE04EC0-301F-11D3-BF4B-00C04F79EFBC}") = "FMOD", "FMOD\FMOD.csproj", "{C163056A-8A15-4CA2-B41D-F1AB548E4E6A}"
EndProject
Project("{FAE04EC0-301F-11D3-BF4B-00C04F79EFBC}") = "FinalstreamCommons", "..\FinalstreamCommons\FinalstreamCommons.csproj", "{4FAEBE3D-260A-466D-B7AD-8A07CC3EBDE4}"
EndProject
Project("{FAE04EC0-301F-11D3-BF4B-00C04F79EFBC}") = "ColorProfileGenerator", "ColorProfileGenerator\ColorProfileGenerator.csproj", "{CB6008D2-B371-4FBB-833E-E521C7AF5268}"
EndProject
Project("{FAE04EC0-301F-11D3-BF4B-00C04F79EFBC}") = "LinearAudioPlayerUpdate", "LinearAudioPlayerUpdate\LinearAudioPlayerUpdate.csproj", "{0FD61074-0E04-4A52-AF30-2812D7BA2174}"
EndProject
Project("{FAE04EC0-301F-11D3-BF4B-00C04F79EFBC}") = "LinearAudioPlayerLastFmPlugin", "LinearAudioPlayerLastFmPlugin\LinearAudioPlayerLastFmPlugin.csproj", "{6BC75860-6850-4A9D-BE95-6DBAA6DF8AD1}"
EndProject
Project("{FAE04EC0-301F-11D3-BF4B-00C04F79EFBC}") = "LinearAudioPlayerPlugin", "LinearAudioPlayerPlugin\LinearAudioPlayerPlugin.csproj", "{9AB77310-4A8B-46DE-A7BE-79E23D52C7E2}"
EndProject
Project("{FAE04EC0-301F-11D3-BF4B-00C04F79EFBC}") = "taglibSharp", "..\taglibSharp\taglibSharp\taglibSharp.csproj", "{30AE67F0-D3A5-423B-90CF-E08D67762F10}"
EndProject
Global
	GlobalSection(SubversionScc) = preSolution
		Svn-Managed = True
		Manager = AnkhSVN - Subversion Support for Visual Studio
	EndGlobalSection
	GlobalSection(SolutionConfigurationPlatforms) = preSolution
		Debug|Any CPU = Debug|Any CPU
		Debug|Mixed Platforms = Debug|Mixed Platforms
		Debug|x86 = Debug|x86
		Deploy|Any CPU = Deploy|Any CPU
		Deploy|Mixed Platforms = Deploy|Mixed Platforms
		Deploy|x86 = Deploy|x86
		Release|Any CPU = Release|Any CPU
		Release|Mixed Platforms = Release|Mixed Platforms
		Release|x86 = Release|x86
	EndGlobalSection
	GlobalSection(ProjectConfigurationPlatforms) = postSolution
		{E276D428-CA93-4F4D-AD5C-31BEA709BC14}.Debug|Any CPU.ActiveCfg = Debug|Any CPU
		{E276D428-CA93-4F4D-AD5C-31BEA709BC14}.Debug|Any CPU.Build.0 = Debug|Any CPU
		{E276D428-CA93-4F4D-AD5C-31BEA709BC14}.Debug|Mixed Platforms.ActiveCfg = Debug|x86
		{E276D428-CA93-4F4D-AD5C-31BEA709BC14}.Debug|Mixed Platforms.Build.0 = Debug|x86
		{E276D428-CA93-4F4D-AD5C-31BEA709BC14}.Debug|x86.ActiveCfg = Debug|x86
		{E276D428-CA93-4F4D-AD5C-31BEA709BC14}.Debug|x86.Build.0 = Debug|x86
		{E276D428-CA93-4F4D-AD5C-31BEA709BC14}.Deploy|Any CPU.ActiveCfg = Debug|x86
		{E276D428-CA93-4F4D-AD5C-31BEA709BC14}.Deploy|Mixed Platforms.ActiveCfg = Debug|x86
		{E276D428-CA93-4F4D-AD5C-31BEA709BC14}.Deploy|Mixed Platforms.Build.0 = Debug|x86
		{E276D428-CA93-4F4D-AD5C-31BEA709BC14}.Deploy|x86.ActiveCfg = Debug|x86
		{E276D428-CA93-4F4D-AD5C-31BEA709BC14}.Deploy|x86.Build.0 = Debug|x86
		{E276D428-CA93-4F4D-AD5C-31BEA709BC14}.Release|Any CPU.ActiveCfg = Release|Any CPU
		{E276D428-CA93-4F4D-AD5C-31BEA709BC14}.Release|Any CPU.Build.0 = Release|Any CPU
		{E276D428-CA93-4F4D-AD5C-31BEA709BC14}.Release|Mixed Platforms.ActiveCfg = Release|x86
		{E276D428-CA93-4F4D-AD5C-31BEA709BC14}.Release|Mixed Platforms.Build.0 = Release|x86
		{E276D428-CA93-4F4D-AD5C-31BEA709BC14}.Release|x86.ActiveCfg = Release|x86
		{E276D428-CA93-4F4D-AD5C-31BEA709BC14}.Release|x86.Build.0 = Release|x86
		{C163056A-8A15-4CA2-B41D-F1AB548E4E6A}.Debug|Any CPU.ActiveCfg = Debug|Any CPU
		{C163056A-8A15-4CA2-B41D-F1AB548E4E6A}.Debug|Any CPU.Build.0 = Debug|Any CPU
		{C163056A-8A15-4CA2-B41D-F1AB548E4E6A}.Debug|Mixed Platforms.ActiveCfg = Debug|x86
		{C163056A-8A15-4CA2-B41D-F1AB548E4E6A}.Debug|Mixed Platforms.Build.0 = Debug|x86
		{C163056A-8A15-4CA2-B41D-F1AB548E4E6A}.Debug|x86.ActiveCfg = Debug|x86
		{C163056A-8A15-4CA2-B41D-F1AB548E4E6A}.Debug|x86.Build.0 = Debug|x86
		{C163056A-8A15-4CA2-B41D-F1AB548E4E6A}.Deploy|Any CPU.ActiveCfg = Debug|x86
		{C163056A-8A15-4CA2-B41D-F1AB548E4E6A}.Deploy|Mixed Platforms.ActiveCfg = Debug|x86
		{C163056A-8A15-4CA2-B41D-F1AB548E4E6A}.Deploy|Mixed Platforms.Build.0 = Debug|x86
		{C163056A-8A15-4CA2-B41D-F1AB548E4E6A}.Deploy|x86.ActiveCfg = Debug|x86
		{C163056A-8A15-4CA2-B41D-F1AB548E4E6A}.Deploy|x86.Build.0 = Debug|x86
		{C163056A-8A15-4CA2-B41D-F1AB548E4E6A}.Release|Any CPU.ActiveCfg = Release|Any CPU
		{C163056A-8A15-4CA2-B41D-F1AB548E4E6A}.Release|Any CPU.Build.0 = Release|Any CPU
		{C163056A-8A15-4CA2-B41D-F1AB548E4E6A}.Release|Mixed Platforms.ActiveCfg = Release|x86
		{C163056A-8A15-4CA2-B41D-F1AB548E4E6A}.Release|Mixed Platforms.Build.0 = Release|x86
		{C163056A-8A15-4CA2-B41D-F1AB548E4E6A}.Release|x86.ActiveCfg = Release|x86
		{C163056A-8A15-4CA2-B41D-F1AB548E4E6A}.Release|x86.Build.0 = Release|x86
		{4FAEBE3D-260A-466D-B7AD-8A07CC3EBDE4}.Debug|Any CPU.ActiveCfg = Debug|Any CPU
		{4FAEBE3D-260A-466D-B7AD-8A07CC3EBDE4}.Debug|Any CPU.Build.0 = Debug|Any CPU
		{4FAEBE3D-260A-466D-B7AD-8A07CC3EBDE4}.Debug|Mixed Platforms.ActiveCfg = Debug|x86
		{4FAEBE3D-260A-466D-B7AD-8A07CC3EBDE4}.Debug|Mixed Platforms.Build.0 = Debug|x86
		{4FAEBE3D-260A-466D-B7AD-8A07CC3EBDE4}.Debug|x86.ActiveCfg = Debug|x86
		{4FAEBE3D-260A-466D-B7AD-8A07CC3EBDE4}.Debug|x86.Build.0 = Debug|x86
		{4FAEBE3D-260A-466D-B7AD-8A07CC3EBDE4}.Deploy|Any CPU.ActiveCfg = Debug|x86
		{4FAEBE3D-260A-466D-B7AD-8A07CC3EBDE4}.Deploy|Mixed Platforms.ActiveCfg = Debug|x86
		{4FAEBE3D-260A-466D-B7AD-8A07CC3EBDE4}.Deploy|Mixed Platforms.Build.0 = Debug|x86
		{4FAEBE3D-260A-466D-B7AD-8A07CC3EBDE4}.Deploy|x86.ActiveCfg = Debug|x86
		{4FAEBE3D-260A-466D-B7AD-8A07CC3EBDE4}.Deploy|x86.Build.0 = Debug|x86
		{4FAEBE3D-260A-466D-B7AD-8A07CC3EBDE4}.Release|Any CPU.ActiveCfg = Release|Any CPU
		{4FAEBE3D-260A-466D-B7AD-8A07CC3EBDE4}.Release|Any CPU.Build.0 = Release|Any CPU
		{4FAEBE3D-260A-466D-B7AD-8A07CC3EBDE4}.Release|Mixed Platforms.ActiveCfg = Release|x86
		{4FAEBE3D-260A-466D-B7AD-8A07CC3EBDE4}.Release|Mixed Platforms.Build.0 = Release|x86
		{4FAEBE3D-260A-466D-B7AD-8A07CC3EBDE4}.Release|x86.ActiveCfg = Release|x86
		{4FAEBE3D-260A-466D-B7AD-8A07CC3EBDE4}.Release|x86.Build.0 = Release|x86
		{CB6008D2-B371-4FBB-833E-E521C7AF5268}.Debug|Any CPU.ActiveCfg = Debug|x86
		{CB6008D2-B371-4FBB-833E-E521C7AF5268}.Debug|Any CPU.Build.0 = Debug|x86
		{CB6008D2-B371-4FBB-833E-E521C7AF5268}.Debug|Mixed Platforms.ActiveCfg = Debug|x86
		{CB6008D2-B371-4FBB-833E-E521C7AF5268}.Debug|Mixed Platforms.Build.0 = Debug|x86
		{CB6008D2-B371-4FBB-833E-E521C7AF5268}.Debug|x86.ActiveCfg = Debug|x86
		{CB6008D2-B371-4FBB-833E-E521C7AF5268}.Debug|x86.Build.0 = Debug|x86
		{CB6008D2-B371-4FBB-833E-E521C7AF5268}.Deploy|Any CPU.ActiveCfg = Debug|x86
		{CB6008D2-B371-4FBB-833E-E521C7AF5268}.Deploy|Mixed Platforms.ActiveCfg = Debug|x86
		{CB6008D2-B371-4FBB-833E-E521C7AF5268}.Deploy|Mixed Platforms.Build.0 = Debug|x86
		{CB6008D2-B371-4FBB-833E-E521C7AF5268}.Deploy|x86.ActiveCfg = Debug|x86
		{CB6008D2-B371-4FBB-833E-E521C7AF5268}.Deploy|x86.Build.0 = Debug|x86
		{CB6008D2-B371-4FBB-833E-E521C7AF5268}.Release|Any CPU.ActiveCfg = Release|x86
		{CB6008D2-B371-4FBB-833E-E521C7AF5268}.Release|Mixed Platforms.ActiveCfg = Release|x86
		{CB6008D2-B371-4FBB-833E-E521C7AF5268}.Release|Mixed Platforms.Build.0 = Release|x86
		{CB6008D2-B371-4FBB-833E-E521C7AF5268}.Release|x86.ActiveCfg = Release|x86
		{CB6008D2-B371-4FBB-833E-E521C7AF5268}.Release|x86.Build.0 = Release|x86
		{0FD61074-0E04-4A52-AF30-2812D7BA2174}.Debug|Any CPU.ActiveCfg = Debug|x86
		{0FD61074-0E04-4A52-AF30-2812D7BA2174}.Debug|Mixed Platforms.ActiveCfg = Debug|x86
		{0FD61074-0E04-4A52-AF30-2812D7BA2174}.Debug|Mixed Platforms.Build.0 = Debug|x86
		{0FD61074-0E04-4A52-AF30-2812D7BA2174}.Debug|x86.ActiveCfg = Debug|x86
		{0FD61074-0E04-4A52-AF30-2812D7BA2174}.Debug|x86.Build.0 = Debug|x86
		{0FD61074-0E04-4A52-AF30-2812D7BA2174}.Deploy|Any CPU.ActiveCfg = Debug|x86
		{0FD61074-0E04-4A52-AF30-2812D7BA2174}.Deploy|Mixed Platforms.ActiveCfg = Debug|x86
		{0FD61074-0E04-4A52-AF30-2812D7BA2174}.Deploy|Mixed Platforms.Build.0 = Debug|x86
		{0FD61074-0E04-4A52-AF30-2812D7BA2174}.Deploy|x86.ActiveCfg = Debug|x86
		{0FD61074-0E04-4A52-AF30-2812D7BA2174}.Deploy|x86.Build.0 = Debug|x86
		{0FD61074-0E04-4A52-AF30-2812D7BA2174}.Release|Any CPU.ActiveCfg = Release|x86
		{0FD61074-0E04-4A52-AF30-2812D7BA2174}.Release|Mixed Platforms.ActiveCfg = Release|x86
		{0FD61074-0E04-4A52-AF30-2812D7BA2174}.Release|Mixed Platforms.Build.0 = Release|x86
		{0FD61074-0E04-4A52-AF30-2812D7BA2174}.Release|x86.ActiveCfg = Release|x86
		{0FD61074-0E04-4A52-AF30-2812D7BA2174}.Release|x86.Build.0 = Release|x86
		{6BC75860-6850-4A9D-BE95-6DBAA6DF8AD1}.Debug|Any CPU.ActiveCfg = Debug|Any CPU
		{6BC75860-6850-4A9D-BE95-6DBAA6DF8AD1}.Debug|Any CPU.Build.0 = Debug|Any CPU
		{6BC75860-6850-4A9D-BE95-6DBAA6DF8AD1}.Debug|Mixed Platforms.ActiveCfg = Debug|Any CPU
		{6BC75860-6850-4A9D-BE95-6DBAA6DF8AD1}.Debug|Mixed Platforms.Build.0 = Debug|Any CPU
		{6BC75860-6850-4A9D-BE95-6DBAA6DF8AD1}.Debug|x86.ActiveCfg = Debug|Any CPU
		{6BC75860-6850-4A9D-BE95-6DBAA6DF8AD1}.Debug|x86.Build.0 = Debug|Any CPU
		{6BC75860-6850-4A9D-BE95-6DBAA6DF8AD1}.Deploy|Any CPU.ActiveCfg = Debug|Any CPU
		{6BC75860-6850-4A9D-BE95-6DBAA6DF8AD1}.Deploy|Any CPU.Build.0 = Debug|Any CPU
		{6BC75860-6850-4A9D-BE95-6DBAA6DF8AD1}.Deploy|Mixed Platforms.ActiveCfg = Debug|Any CPU
		{6BC75860-6850-4A9D-BE95-6DBAA6DF8AD1}.Deploy|Mixed Platforms.Build.0 = Debug|Any CPU
		{6BC75860-6850-4A9D-BE95-6DBAA6DF8AD1}.Deploy|x86.ActiveCfg = Debug|Any CPU
		{6BC75860-6850-4A9D-BE95-6DBAA6DF8AD1}.Release|Any CPU.ActiveCfg = Release|Any CPU
		{6BC75860-6850-4A9D-BE95-6DBAA6DF8AD1}.Release|Any CPU.Build.0 = Release|Any CPU
		{6BC75860-6850-4A9D-BE95-6DBAA6DF8AD1}.Release|Mixed Platforms.ActiveCfg = Release|Any CPU
		{6BC75860-6850-4A9D-BE95-6DBAA6DF8AD1}.Release|Mixed Platforms.Build.0 = Release|Any CPU
		{6BC75860-6850-4A9D-BE95-6DBAA6DF8AD1}.Release|x86.ActiveCfg = Release|Any CPU
		{6BC75860-6850-4A9D-BE95-6DBAA6DF8AD1}.Release|x86.Build.0 = Release|Any CPU
		{9AB77310-4A8B-46DE-A7BE-79E23D52C7E2}.Debug|Any CPU.ActiveCfg = Debug|Any CPU
		{9AB77310-4A8B-46DE-A7BE-79E23D52C7E2}.Debug|Any CPU.Build.0 = Debug|Any CPU
		{9AB77310-4A8B-46DE-A7BE-79E23D52C7E2}.Debug|Mixed Platforms.ActiveCfg = Debug|Any CPU
		{9AB77310-4A8B-46DE-A7BE-79E23D52C7E2}.Debug|Mixed Platforms.Build.0 = Debug|Any CPU
		{9AB77310-4A8B-46DE-A7BE-79E23D52C7E2}.Debug|x86.ActiveCfg = Debug|Any CPU
		{9AB77310-4A8B-46DE-A7BE-79E23D52C7E2}.Debug|x86.Build.0 = Debug|Any CPU
		{9AB77310-4A8B-46DE-A7BE-79E23D52C7E2}.Deploy|Any CPU.ActiveCfg = Debug|Any CPU
		{9AB77310-4A8B-46DE-A7BE-79E23D52C7E2}.Deploy|Any CPU.Build.0 = Debug|Any CPU
		{9AB77310-4A8B-46DE-A7BE-79E23D52C7E2}.Deploy|Mixed Platforms.ActiveCfg = Debug|Any CPU
		{9AB77310-4A8B-46DE-A7BE-79E23D52C7E2}.Deploy|Mixed Platforms.Build.0 = Debug|Any CPU
		{9AB77310-4A8B-46DE-A7BE-79E23D52C7E2}.Deploy|x86.ActiveCfg = Debug|Any CPU
		{9AB77310-4A8B-46DE-A7BE-79E23D52C7E2}.Release|Any CPU.ActiveCfg = Release|Any CPU
		{9AB77310-4A8B-46DE-A7BE-79E23D52C7E2}.Release|Any CPU.Build.0 = Release|Any CPU
		{9AB77310-4A8B-46DE-A7BE-79E23D52C7E2}.Release|Mixed Platforms.ActiveCfg = Release|Any CPU
		{9AB77310-4A8B-46DE-A7BE-79E23D52C7E2}.Release|Mixed Platforms.Build.0 = Release|Any CPU
		{9AB77310-4A8B-46DE-A7BE-79E23D52C7E2}.Release|x86.ActiveCfg = Release|Any CPU
		{9AB77310-4A8B-46DE-A7BE-79E23D52C7E2}.Release|x86.Build.0 = Release|Any CPU
		{30AE67F0-D3A5-423B-90CF-E08D67762F10}.Debug|Any CPU.ActiveCfg = Debug|Any CPU
		{30AE67F0-D3A5-423B-90CF-E08D67762F10}.Debug|Any CPU.Build.0 = Debug|Any CPU
		{30AE67F0-D3A5-423B-90CF-E08D67762F10}.Debug|Mixed Platforms.ActiveCfg = Debug|Any CPU
		{30AE67F0-D3A5-423B-90CF-E08D67762F10}.Debug|Mixed Platforms.Build.0 = Debug|Any CPU
		{30AE67F0-D3A5-423B-90CF-E08D67762F10}.Debug|x86.ActiveCfg = Debug|Any CPU
		{30AE67F0-D3A5-423B-90CF-E08D67762F10}.Deploy|Any CPU.ActiveCfg = Debug|Any CPU
		{30AE67F0-D3A5-423B-90CF-E08D67762F10}.Deploy|Any CPU.Build.0 = Debug|Any CPU
		{30AE67F0-D3A5-423B-90CF-E08D67762F10}.Deploy|Mixed Platforms.ActiveCfg = Debug|Any CPU
		{30AE67F0-D3A5-423B-90CF-E08D67762F10}.Deploy|Mixed Platforms.Build.0 = Debug|Any CPU
		{30AE67F0-D3A5-423B-90CF-E08D67762F10}.Deploy|x86.ActiveCfg = Debug|Any CPU
		{30AE67F0-D3A5-423B-90CF-E08D67762F10}.Release|Any CPU.ActiveCfg = Release|Any CPU
		{30AE67F0-D3A5-423B-90CF-E08D67762F10}.Release|Any CPU.Build.0 = Release|Any CPU
		{30AE67F0-D3A5-423B-90CF-E08D67762F10}.Release|Mixed Platforms.ActiveCfg = Release|Any CPU
		{30AE67F0-D3A5-423B-90CF-E08D67762F10}.Release|Mixed Platforms.Build.0 = Release|Any CPU
		{30AE67F0-D3A5-423B-90CF-E08D67762F10}.Release|x86.ActiveCfg = Release|Any CPU
	EndGlobalSection
	GlobalSection(SolutionProperties) = preSolution
		HideSolutionNode = FALSE
	EndGlobalSection
EndGlobal
